{
  "originHash" : "ea553b0b215b5739aa4717a6ddf54230ed476517a7cfd98db5709eb4bf82cdbd",
  "pins" : [
    {
      "identity" : "hotkey",
      "kind" : "remoteSourceControl",
      "location" : "https://github.com/soffes/HotKey",
      "state" : {
        "branch" : "master",
        "revision" : "c13662730cb5bc28de4a799854bbb018a90649bf"
      }
    },
    {
      "identity" : "launchatlogin",
      "kind" : "remoteSourceControl",
      "location" : "https://github.com/sindresorhus/LaunchAtLogin",
      "state" : {
        "revision" : "e8171b3e38a2816f579f58f3dac1522aa39efe41",
        "version" : "4.2.0"
      }
    },
    {
      "identity" : "preferences",
      "kind" : "remoteSourceControl",
      "location" : "https://github.com/sindresorhus/Preferences",
      "state" : {
        "branch" : "main",
        "revision" : "ffeaaad1def45d0625720dc1adae3789cd9c167d"
      }
    },
    {
      "identity" : "sauce",
      "kind" : "remoteSourceControl",
      "location" : "https://github.com/Clipy/Sauce",
      "state" : {
        "branch" : "master",
        "revision" : "cb04052f0f45ed1615543a3693bf3b2f911ce4ba"
      }
    },
    {
      "identity" : "shortcutrecorder",
      "kind" : "remoteSourceControl",
      "location" : "https://github.com/Kentzo/ShortcutRecorder",
      "state" : {
        "revision" : "07b065085e172d85b7b5a0f3cc05f6ed47ad5af1",
        "version" : "3.3.0"
      }
    }
  ],
  "version" : 3
}
