{
  "originHash" : "0e384404867419f3da3da59ee70e4fe8e55017cf6e9a247995b86fe7358fdde7",
  "pins" : [
    {
      "identity" : "shortcutrecorder",
      "kind" : "remoteSourceControl",
      "location" : "https://github.com/Kentzo/ShortcutRecorder",
      "state" : {
        "revision" : "07b065085e172d85b7b5a0f3cc05f6ed47ad5af1",
        "version" : "3.3.0"
      }
    }
  ],
  "version" : 3
}
